
Microsoft Visual Studio Solution File, Format Version 12.00
# Visual Studio Version 17
VisualStudioVersion = 17.7.34031.279
MinimumVisualStudioVersion = 10.0.40219.1
Project("{FAE04EC0-301F-11D3-BF4B-00C04F79EFBC}") = "Weatherforecast", "Weatherforecast.csproj", "{3808DD7C-05A8-4DC0-9A67-6B3F6BFA5521}"
EndProject
Global
	GlobalSection(SolutionConfigurationPlatforms) = preSolution
		Debug|Any CPU = Debug|Any CPU
		Release|Any CPU = Release|Any CPU
	EndGlobalSection
	GlobalSection(ProjectConfigurationPlatforms) = postSolution
		{3808DD7C-05A8-4DC0-9A67-6B3F6BFA5521}.Debug|Any CPU.ActiveCfg = Debug|Any CPU
		{3808DD7C-05A8-4DC0-9A67-6B3F6BFA5521}.Debug|Any CPU.Build.0 = Debug|Any CPU
		{3808DD7C-05A8-4DC0-9A67-6B3F6BFA5521}.Release|Any CPU.ActiveCfg = Release|Any CPU
		{3808DD7C-05A8-4DC0-9A67-6B3F6BFA5521}.Release|Any CPU.Build.0 = Release|Any CPU
	EndGlobalSection
	GlobalSection(SolutionProperties) = preSolution
		HideSolutionNode = FALSE
	EndGlobalSection
	GlobalSection(ExtensibilityGlobals) = postSolution
		SolutionGuid = {040F0D41-F598-495C-B6E2-9290A81685FE}
	EndGlobalSection
EndGlobal
